
Microsoft Visual Studio Solution File, Format Version 12.00
# Visual Studio Version 16
VisualStudioVersion = 16.0.29215.179
MinimumVisualStudioVersion = 10.0.40219.1
Project("{FAE04EC0-301F-11D3-BF4B-00C04F79EFBC}") = "WebApplication1", "WebApplication1\WebApplication1.csproj", "{1C150068-9D09-4FE6-8390-45F6592E44BC}"
EndProject
Global
	GlobalSection(SolutionConfigurationPlatforms) = preSolution
		Debug|Any CPU = Debug|Any CPU
		Release|Any CPU = Release|Any CPU
	EndGlobalSection
	GlobalSection(ProjectConfigurationPlatforms) = postSolution
		{1C150068-9D09-4FE6-8390-45F6592E44BC}.Debug|Any CPU.ActiveCfg = Debug|Any CPU
		{1C150068-9D09-4FE6-8390-45F6592E44BC}.Debug|Any CPU.Build.0 = Debug|Any CPU
		{1C150068-9D09-4FE6-8390-45F6592E44BC}.Release|Any CPU.ActiveCfg = Release|Any CPU
		{1C150068-9D09-4FE6-8390-45F6592E44BC}.Release|Any CPU.Build.0 = Release|Any CPU
	EndGlobalSection
	GlobalSection(SolutionProperties) = preSolution
		HideSolutionNode = FALSE
	EndGlobalSection
	GlobalSection(ExtensibilityGlobals) = postSolution
		SolutionGuid = {D028DD57-53F7-409A-85FB-3FBF1B0D8C27}
	EndGlobalSection
EndGlobal
