
Microsoft Visual Studio Solution File, Format Version 12.00
# Visual Studio Version 16
VisualStudioVersion = 16.0.29215.179
MinimumVisualStudioVersion = 10.0.40219.1
Project("{FAE04EC0-301F-11D3-BF4B-00C04F79EFBC}") = "CoreCrud", "CoreCrud\CoreCrud.csproj", "{AB6D54D7-C821-4E6D-8FF3-8DA0EAECD86C}"
EndProject
Global
	GlobalSection(SolutionConfigurationPlatforms) = preSolution
		Debug|Any CPU = Debug|Any CPU
		Release|Any CPU = Release|Any CPU
	EndGlobalSection
	GlobalSection(ProjectConfigurationPlatforms) = postSolution
		{AB6D54D7-C821-4E6D-8FF3-8DA0EAECD86C}.Debug|Any CPU.ActiveCfg = Debug|Any CPU
		{AB6D54D7-C821-4E6D-8FF3-8DA0EAECD86C}.Debug|Any CPU.Build.0 = Debug|Any CPU
		{AB6D54D7-C821-4E6D-8FF3-8DA0EAECD86C}.Release|Any CPU.ActiveCfg = Release|Any CPU
		{AB6D54D7-C821-4E6D-8FF3-8DA0EAECD86C}.Release|Any CPU.Build.0 = Release|Any CPU
	EndGlobalSection
	GlobalSection(SolutionProperties) = preSolution
		HideSolutionNode = FALSE
	EndGlobalSection
	GlobalSection(ExtensibilityGlobals) = postSolution
		SolutionGuid = {9B55409D-64C7-4EEE-A00F-74E7041B1FC0}
	EndGlobalSection
EndGlobal
